
Microsoft Visual Studio Solution File, Format Version 12.00
# Visual Studio Version 17
VisualStudioVersion = 17.5.33516.290
MinimumVisualStudioVersion = 10.0.40219.1
Project("{9A19103F-16F7-4668-BE54-9A1E7A4F7556}") = "NetCoreResults.Tests", "tests\NetCoreResults.Tests.csproj", "{611A39E4-DD57-4C81-B6DE-45B5421B25B5}"
EndProject
Project("{9A19103F-16F7-4668-BE54-9A1E7A4F7556}") = "NetCoreResults", "src\NetCoreResults.csproj", "{3702CF0B-8198-4DA9-BDE6-937C07ECFAB3}"
EndProject
Project("{2150E333-8FDC-42A3-9474-1A3956D46DE8}") = "Solution Items", "Solution Items", "{FD7B391B-E33F-40BF-B33E-8BD0892A154B}"
	ProjectSection(SolutionItems) = preProject
		README.md = README.md
		TODOs.txt = TODOs.txt
	EndProjectSection
EndProject
Global
	GlobalSection(SolutionConfigurationPlatforms) = preSolution
		Debug|Any CPU = Debug|Any CPU
		Release|Any CPU = Release|Any CPU
	EndGlobalSection
	GlobalSection(ProjectConfigurationPlatforms) = postSolution
		{611A39E4-DD57-4C81-B6DE-45B5421B25B5}.Debug|Any CPU.ActiveCfg = Debug|Any CPU
		{611A39E4-DD57-4C81-B6DE-45B5421B25B5}.Debug|Any CPU.Build.0 = Debug|Any CPU
		{611A39E4-DD57-4C81-B6DE-45B5421B25B5}.Release|Any CPU.ActiveCfg = Release|Any CPU
		{611A39E4-DD57-4C81-B6DE-45B5421B25B5}.Release|Any CPU.Build.0 = Release|Any CPU
		{3702CF0B-8198-4DA9-BDE6-937C07ECFAB3}.Debug|Any CPU.ActiveCfg = Debug|Any CPU
		{3702CF0B-8198-4DA9-BDE6-937C07ECFAB3}.Debug|Any CPU.Build.0 = Debug|Any CPU
		{3702CF0B-8198-4DA9-BDE6-937C07ECFAB3}.Release|Any CPU.ActiveCfg = Release|Any CPU
		{3702CF0B-8198-4DA9-BDE6-937C07ECFAB3}.Release|Any CPU.Build.0 = Release|Any CPU
	EndGlobalSection
	GlobalSection(SolutionProperties) = preSolution
		HideSolutionNode = FALSE
	EndGlobalSection
	GlobalSection(ExtensibilityGlobals) = postSolution
		SolutionGuid = {7BD7A18F-8769-4497-867F-D4CCD8BA1EBF}
	EndGlobalSection
EndGlobal
